
Microsoft Visual Studio Solution File, Format Version 12.00
# Visual Studio 15
VisualStudioVersion = 15.0.27004.2010
MinimumVisualStudioVersion = 10.0.40219.1
Project("{FAE04EC0-301F-11D3-BF4B-00C04F79EFBC}") = "SpecflowOnConsole", "SpecflowOnConsole\SpecflowOnConsole.csproj", "{C54EAD4A-99CA-414D-A7FD-5B10EE69FD6E}"
EndProject
Global
	GlobalSection(SolutionConfigurationPlatforms) = preSolution
		Debug|Any CPU = Debug|Any CPU
		Release|Any CPU = Release|Any CPU
	EndGlobalSection
	GlobalSection(ProjectConfigurationPlatforms) = postSolution
		{C54EAD4A-99CA-414D-A7FD-5B10EE69FD6E}.Debug|Any CPU.ActiveCfg = Debug|Any CPU
		{C54EAD4A-99CA-414D-A7FD-5B10EE69FD6E}.Debug|Any CPU.Build.0 = Debug|Any CPU
		{C54EAD4A-99CA-414D-A7FD-5B10EE69FD6E}.Release|Any CPU.ActiveCfg = Release|Any CPU
		{C54EAD4A-99CA-414D-A7FD-5B10EE69FD6E}.Release|Any CPU.Build.0 = Release|Any CPU
	EndGlobalSection
	GlobalSection(SolutionProperties) = preSolution
		HideSolutionNode = FALSE
	EndGlobalSection
	GlobalSection(ExtensibilityGlobals) = postSolution
		SolutionGuid = {E89BAA5C-DDE0-41BF-B09F-0B0C432B7E52}
	EndGlobalSection
EndGlobal
